
Microsoft Visual Studio Solution File, Format Version 12.00
# Visual Studio Version 16
VisualStudioVersion = 16.0.30114.105
MinimumVisualStudioVersion = 10.0.40219.1
Project("{FAE04EC0-301F-11D3-BF4B-00C04F79EFBC}") = "DevAugust", "DevAugust.csproj", "{61F195DE-C742-4876-A34E-51C4712C2F88}"
EndProject
Project("{FAE04EC0-301F-11D3-BF4B-00C04F79EFBC}") = "DevAugust.API", "..\DevAugust.API\DevAugust.API.csproj", "{03AF2D70-D312-4AB3-B1FC-26F426F0E29D}"
EndProject
Global
	GlobalSection(SolutionConfigurationPlatforms) = preSolution
		Debug|Any CPU = Debug|Any CPU
		Debug|x64 = Debug|x64
		Debug|x86 = Debug|x86
		Release|Any CPU = Release|Any CPU
		Release|x64 = Release|x64
		Release|x86 = Release|x86
	EndGlobalSection
	GlobalSection(ProjectConfigurationPlatforms) = postSolution
		{61F195DE-C742-4876-A34E-51C4712C2F88}.Debug|Any CPU.ActiveCfg = Debug|Any CPU
		{61F195DE-C742-4876-A34E-51C4712C2F88}.Debug|Any CPU.Build.0 = Debug|Any CPU
		{61F195DE-C742-4876-A34E-51C4712C2F88}.Debug|x64.ActiveCfg = Debug|Any CPU
		{61F195DE-C742-4876-A34E-51C4712C2F88}.Debug|x64.Build.0 = Debug|Any CPU
		{61F195DE-C742-4876-A34E-51C4712C2F88}.Debug|x86.ActiveCfg = Debug|Any CPU
		{61F195DE-C742-4876-A34E-51C4712C2F88}.Debug|x86.Build.0 = Debug|Any CPU
		{61F195DE-C742-4876-A34E-51C4712C2F88}.Release|Any CPU.ActiveCfg = Debug|Any CPU
		{61F195DE-C742-4876-A34E-51C4712C2F88}.Release|Any CPU.Build.0 = Debug|Any CPU
		{61F195DE-C742-4876-A34E-51C4712C2F88}.Release|x64.ActiveCfg = Debug|Any CPU
		{61F195DE-C742-4876-A34E-51C4712C2F88}.Release|x64.Build.0 = Debug|Any CPU
		{61F195DE-C742-4876-A34E-51C4712C2F88}.Release|x86.ActiveCfg = Debug|Any CPU
		{61F195DE-C742-4876-A34E-51C4712C2F88}.Release|x86.Build.0 = Debug|Any CPU
		{03AF2D70-D312-4AB3-B1FC-26F426F0E29D}.Debug|Any CPU.ActiveCfg = Debug|Any CPU
		{03AF2D70-D312-4AB3-B1FC-26F426F0E29D}.Debug|Any CPU.Build.0 = Debug|Any CPU
		{03AF2D70-D312-4AB3-B1FC-26F426F0E29D}.Debug|x64.ActiveCfg = Debug|Any CPU
		{03AF2D70-D312-4AB3-B1FC-26F426F0E29D}.Debug|x64.Build.0 = Debug|Any CPU
		{03AF2D70-D312-4AB3-B1FC-26F426F0E29D}.Debug|x86.ActiveCfg = Debug|Any CPU
		{03AF2D70-D312-4AB3-B1FC-26F426F0E29D}.Debug|x86.Build.0 = Debug|Any CPU
		{03AF2D70-D312-4AB3-B1FC-26F426F0E29D}.Release|Any CPU.ActiveCfg = Release|Any CPU
		{03AF2D70-D312-4AB3-B1FC-26F426F0E29D}.Release|Any CPU.Build.0 = Release|Any CPU
		{03AF2D70-D312-4AB3-B1FC-26F426F0E29D}.Release|x64.ActiveCfg = Release|Any CPU
		{03AF2D70-D312-4AB3-B1FC-26F426F0E29D}.Release|x64.Build.0 = Release|Any CPU
		{03AF2D70-D312-4AB3-B1FC-26F426F0E29D}.Release|x86.ActiveCfg = Release|Any CPU
		{03AF2D70-D312-4AB3-B1FC-26F426F0E29D}.Release|x86.Build.0 = Release|Any CPU
	EndGlobalSection
	GlobalSection(SolutionProperties) = preSolution
		HideSolutionNode = FALSE
	EndGlobalSection
	GlobalSection(ExtensibilityGlobals) = postSolution
		SolutionGuid = {3C9350B2-FAF5-4EFB-88CB-A9F0AF524939}
	EndGlobalSection
EndGlobal
